schema: '2.0'
stages:
  create_model:
    cmd: python code.py --config=/home/shubham/DVC/DVC_Metrics_Tracking/params.yaml
    deps:
    - path: Iris_Flower_Dataset.csv
      md5: ca5e72f040c30d6c8ad09f3981aa6adf
      size: 2616
    - path: code.py
      md5: 8c3e06586523770ee9c90c22146d8685
      size: 2571
    params:
      params.yaml:
        base.random_state: 15
        base.test_size: 0.1
        data_source.local_data_path: /home/shubham/DVC/DVC_Metrics_Tracking/Iris_Flower_Dataset.csv
        model.logistic_regression.average: weighted
        model.logistic_regression.fit_intercept: true
        model.logistic_regression.multi_class: ovr
    outs:
    - path: reports/params.json
      md5: 42de3de80ca1c0a21ae0533497b9b633
      size: 101
    - path: reports/scores.json
      md5: db78bf1a8ab4c4a534ccb681eb4f1388
      size: 64
