schema: '2.0'
stages:
  create_model:
    cmd: python code.py --config=/home/shubham/DVC/DVC_Metrics_Tracking/params.yaml
    deps:
    - path: Iris_Flower_Dataset.csv
      md5: ca5e72f040c30d6c8ad09f3981aa6adf
      size: 2616
    - path: code.py
      md5: c929c4ac5cf869a24e8bca815b8f85c8
      size: 2562
    params:
      params.yaml:
        base.random_state: 10
        base.test_size: 0.4
        data_source.local_data_path: /home/shubham/DVC/DVC_Metrics_Tracking/Iris_Flower_Dataset.csv
        model.logistic_regression.average: micro
        model.logistic_regression.fit_intercept: true
        model.logistic_regression.multi_class: ovr
    outs:
    - path: reports/params.json
      md5: 6fe3741218d960f309423627ed71b8e7
      size: 101
    - path: reports/scores.json
      md5: 57fe3bc509221e602641c55391654f82
      size: 67
